<?xml version="1.0" encoding="utf-8"?>
<Project ToolsVersion="4.0" xmlns="http://schemas.microsoft.com/developer/msbuild/2003">
  <ItemGroup>
    <Filter Include="源文件">
      <UniqueIdentifier>{4FC737F1-C7A5-4376-A066-2A32D752A2FF}</UniqueIdentifier>
      <Extensions>cpp;c;cc;cxx;def;odl;idl;hpj;bat;asm;asmx</Extensions>
    </Filter>
    <Filter Include="头文件">
      <UniqueIdentifier>{93995380-89BD-4b04-88EB-625FBE52EBFB}</UniqueIdentifier>
      <Extensions>h;hh;hpp;hxx;hm;inl;inc;xsd</Extensions>
    </Filter>
    <Filter Include="资源文件">
      <UniqueIdentifier>{67DA6AB6-F800-4c08-8B7A-83BB121AAD01}</UniqueIdentifier>
      <Extensions>rc;ico;cur;bmp;dlg;rc2;rct;bin;rgs;gif;jpg;jpeg;jpe;resx;tiff;tif;png;wav;mfcribbon-ms</Extensions>
    </Filter>
    <Filter Include="头文件\一般不会再去修改的类">
      <UniqueIdentifier>{7283aa80-a2c1-49fb-a96d-2eb1cb9d8656}</UniqueIdentifier>
    </Filter>
    <Filter Include="源文件\不修改的">
      <UniqueIdentifier>{df9ac98b-13c7-411e-b8ee-ab6658f797cb}</UniqueIdentifier>
    </Filter>
  </ItemGroup>
  <ItemGroup>
    <ClInclude Include="Functions.h">
      <Filter>头文件</Filter>
    </ClInclude>
    <ClInclude Include="header.h">
      <Filter>头文件</Filter>
    </ClInclude>
    <ClInclude Include="Initialise.h">
      <Filter>头文件</Filter>
    </ClInclude>
    <ClInclude Include="Snake.h">
      <Filter>头文件</Filter>
    </ClInclude>
    <ClInclude Include="Data.h">
      <Filter>头文件\一般不会再去修改的类</Filter>
    </ClInclude>
    <ClInclude Include="IOfile.h">
      <Filter>头文件\一般不会再去修改的类</Filter>
    </ClInclude>
    <ClInclude Include="Person.h">
      <Filter>头文件\一般不会再去修改的类</Filter>
    </ClInclude>
    <ClInclude Include="ToD_array.h">
      <Filter>头文件\一般不会再去修改的类</Filter>
    </ClInclude>
    <ClInclude Include="Time.h">
      <Filter>头文件\一般不会再去修改的类</Filter>
    </ClInclude>
  </ItemGroup>
  <ItemGroup>
    <ClCompile Include="Functions.cpp">
      <Filter>源文件</Filter>
    </ClCompile>
    <ClCompile Include="Initialise.cpp">
      <Filter>源文件</Filter>
    </ClCompile>
    <ClCompile Include="main.cpp">
      <Filter>源文件</Filter>
    </ClCompile>
    <ClCompile Include="Snake.cpp">
      <Filter>源文件</Filter>
    </ClCompile>
    <ClCompile Include="IOfile.cpp">
      <Filter>源文件\不修改的</Filter>
    </ClCompile>
    <ClCompile Include="Time.cpp">
      <Filter>源文件\不修改的</Filter>
    </ClCompile>
    <ClCompile Include="ToD_array.cpp">
      <Filter>源文件\不修改的</Filter>
    </ClCompile>
  </ItemGroup>
</Project>